PODS:
  - Alamofire (4.9.1)
  - MBProgressHUD (1.1.0)
  - SwiftyJSON (5.0.0)

DEPENDENCIES:
  - Alamofire
  - MBProgressHUD
  - SwiftyJSON

SPEC REPOS:
  trunk:
    - Alamofire
    - MBProgressHUD
    - SwiftyJSON

SPEC CHECKSUMS:
  Alamofire: 85e8a02c69d6020a0d734f6054870d7ecb75cf18
  MBProgressHUD: e7baa36a220447d8aeb12769bf0585582f3866d9
  SwiftyJSON: 36413e04c44ee145039d332b4f4e2d3e8d6c4db7

PODFILE CHECKSUM: 19a22aac92d52a87e59a4eea6c142d97e33ce8f8

COCOAPODS: 1.8.4
